// !$*UTF8*$!
{
	archiveVersion = 1;
	classes = {
	};
	objectVersion = 56;
	objects = {

/* Begin PBXBuildFile section */
		B30D90972C109CBF00164F0D /* LoginApp.swift in Sources */ = {isa = PBXBuildFile; fileRef = B30D90962C109CBF00164F0D /* LoginApp.swift */; };
		B30D90992C109CBF00164F0D /* ContentView.swift in Sources */ = {isa = PBXBuildFile; fileRef = B30D90982C109CBF00164F0D /* ContentView.swift */; };
		B30D909B2C109CC200164F0D /* Assets.xcassets in Resources */ = {isa = PBXBuildFile; fileRef = B30D909A2C109CC200164F0D /* Assets.xcassets */; };
		B30D909E2C109CC200164F0D /* Preview Assets.xcassets in Resources */ = {isa = PBXBuildFile; fileRef = B30D909D2C109CC200164F0D /* Preview Assets.xcassets */; };
		B30D90A62C109CE100164F0D /* Lottie in Frameworks */ = {isa = PBXBuildFile; productRef = B30D90A52C109CE100164F0D /* Lottie */; };
		B30D90A92C109D0F00164F0D /* FirebaseAuth in Frameworks */ = {isa = PBXBuildFile; productRef = B30D90A82C109D0F00164F0D /* FirebaseAuth */; };
		B30D90AB2C109DDF00164F0D /* GoogleService-Info.plist in Resources */ = {isa = PBXBuildFile; fileRef = B30D90AA2C109DDF00164F0D /* GoogleService-Info.plist */; };
		B30D90AE2C109E1F00164F0D /* Login.swift in Sources */ = {isa = PBXBuildFile; fileRef = B30D90AD2C109E1F00164F0D /* Login.swift */; };
		B30D90B02C109E3000164F0D /* Home.swift in Sources */ = {isa = PBXBuildFile; fileRef = B30D90AF2C109E3000164F0D /* Home.swift */; };
		B30D90B22C109F2F00164F0D /* EmailAnimation.json in Resources */ = {isa = PBXBuildFile; fileRef = B30D90B12C109F2F00164F0D /* EmailAnimation.json */; };
/* End PBXBuildFile section */

/* Begin PBXFileReference section */
		B30D90932C109CBF00164F0D /* Login.app */ = {isa = PBXFileReference; explicitFileType = wrapper.application; includeInIndex = 0; path = Login.app; sourceTree = BUILT_PRODUCTS_DIR; };
		B30D90962C109CBF00164F0D /* LoginApp.swift */ = {isa = PBXFileReference; lastKnownFileType = sourcecode.swift; path = LoginApp.swift; sourceTree = "<group>"; };
		B30D90982C109CBF00164F0D /* ContentView.swift */ = {isa = PBXFileReference; lastKnownFileType = sourcecode.swift; path = ContentView.swift; sourceTree = "<group>"; };
		B30D909A2C109CC200164F0D /* Assets.xcassets */ = {isa = PBXFileReference; lastKnownFileType = folder.assetcatalog; path = Assets.xcassets; sourceTree = "<group>"; };
		B30D909D2C109CC200164F0D /* Preview Assets.xcassets */ = {isa = PBXFileReference; lastKnownFileType = folder.assetcatalog; path = "Preview Assets.xcassets"; sourceTree = "<group>"; };
		B30D90AA2C109DDF00164F0D /* GoogleService-Info.plist */ = {isa = PBXFileReference; fileEncoding = 4; lastKnownFileType = text.plist.xml; path = "GoogleService-Info.plist"; sourceTree = "<group>"; };
		B30D90AD2C109E1F00164F0D /* Login.swift */ = {isa = PBXFileReference; lastKnownFileType = sourcecode.swift; path = Login.swift; sourceTree = "<group>"; };
		B30D90AF2C109E3000164F0D /* Home.swift */ = {isa = PBXFileReference; lastKnownFileType = sourcecode.swift; path = Home.swift; sourceTree = "<group>"; };
		B30D90B12C109F2F00164F0D /* EmailAnimation.json */ = {isa = PBXFileReference; fileEncoding = 4; lastKnownFileType = text.json; path = EmailAnimation.json; sourceTree = "<group>"; };
/* End PBXFileReference section */

/* Begin PBXFrameworksBuildPhase section */
		B30D90902C109CBF00164F0D /* Frameworks */ = {
			isa = PBXFrameworksBuildPhase;
			buildActionMask = 2147483647;
			files = (
				B30D90A62C109CE100164F0D /* Lottie in Frameworks */,
				B30D90A92C109D0F00164F0D /* FirebaseAuth in Frameworks */,
			);
			runOnlyForDeploymentPostprocessing = 0;
		};
/* End PBXFrameworksBuildPhase section */

/* Begin PBXGroup section */
		B30D908A2C109CBF00164F0D = {
			isa = PBXGroup;
			children = (
				B30D90B12C109F2F00164F0D /* EmailAnimation.json */,
				B30D90AA2C109DDF00164F0D /* GoogleService-Info.plist */,
				B30D90952C109CBF00164F0D /* Login */,
				B30D90942C109CBF00164F0D /* Products */,
			);
			sourceTree = "<group>";
		};
		B30D90942C109CBF00164F0D /* Products */ = {
			isa = PBXGroup;
			children = (
				B30D90932C109CBF00164F0D /* Login.app */,
			);
			name = Products;
			sourceTree = "<group>";
		};
		B30D90952C109CBF00164F0D /* Login */ = {
			isa = PBXGroup;
			children = (
				B30D90AC2C109DF700164F0D /* View */,
				B30D90962C109CBF00164F0D /* LoginApp.swift */,
				B30D90982C109CBF00164F0D /* ContentView.swift */,
				B30D909A2C109CC200164F0D /* Assets.xcassets */,
				B30D909C2C109CC200164F0D /* Preview Content */,
			);
			path = Login;
			sourceTree = "<group>";
		};
		B30D909C2C109CC200164F0D /* Preview Content */ = {
			isa = PBXGroup;
			children = (
				B30D909D2C109CC200164F0D /* Preview Assets.xcassets */,
			);
			path = "Preview Content";
			sourceTree = "<group>";
		};
		B30D90AC2C109DF700164F0D /* View */ = {
			isa = PBXGroup;
			children = (
				B30D90AD2C109E1F00164F0D /* Login.swift */,
				B30D90AF2C109E3000164F0D /* Home.swift */,
			);
			path = View;
			sourceTree = "<group>";
		};
/* End PBXGroup section */

/* Begin PBXNativeTarget section */
		B30D90922C109CBF00164F0D /* Login */ = {
			isa = PBXNativeTarget;
			buildConfigurationList = B30D90A12C109CC200164F0D /* Build configuration list for PBXNativeTarget "Login" */;
			buildPhases = (
				B30D908F2C109CBF00164F0D /* Sources */,
				B30D90902C109CBF00164F0D /* Frameworks */,
				B30D90912C109CBF00164F0D /* Resources */,
			);
			buildRules = (
			);
			dependencies = (
			);
			name = Login;
			packageProductDependencies = (
				B30D90A52C109CE100164F0D /* Lottie */,
				B30D90A82C109D0F00164F0D /* FirebaseAuth */,
			);
			productName = Login;
			productReference = B30D90932C109CBF00164F0D /* Login.app */;
			productType = "com.apple.product-type.application";
		};
/* End PBXNativeTarget section */

/* Begin PBXProject section */
		B30D908B2C109CBF00164F0D /* Project object */ = {
			isa = PBXProject;
			attributes = {
				BuildIndependentTargetsInParallel = 1;
				LastSwiftUpdateCheck = 1540;
				LastUpgradeCheck = 1540;
				TargetAttributes = {
					B30D90922C109CBF00164F0D = {
						CreatedOnToolsVersion = 15.4;
					};
				};
			};
			buildConfigurationList = B30D908E2C109CBF00164F0D /* Build configuration list for PBXProject "Login" */;
			compatibilityVersion = "Xcode 14.0";
			developmentRegion = en;
			hasScannedForEncodings = 0;
			knownRegions = (
				en,
				Base,
			);
			mainGroup = B30D908A2C109CBF00164F0D;
			packageReferences = (
				B30D90A42C109CE100164F0D /* XCRemoteSwiftPackageReference "lottie-ios" */,
				B30D90A72C109D0F00164F0D /* XCRemoteSwiftPackageReference "firebase-ios-sdk" */,
			);
			productRefGroup = B30D90942C109CBF00164F0D /* Products */;
			projectDirPath = "";
			projectRoot = "";
			targets = (
				B30D90922C109CBF00164F0D /* Login */,
			);
		};
/* End PBXProject section */

/* Begin PBXResourcesBuildPhase section */
		B30D90912C109CBF00164F0D /* Resources */ = {
			isa = PBXResourcesBuildPhase;
			buildActionMask = 2147483647;
			files = (
				B30D909E2C109CC200164F0D /* Preview Assets.xcassets in Resources */,
				B30D90AB2C109DDF00164F0D /* GoogleService-Info.plist in Resources */,
				B30D90B22C109F2F00164F0D /* EmailAnimation.json in Resources */,
				B30D909B2C109CC200164F0D /* Assets.xcassets in Resources */,
			);
			runOnlyForDeploymentPostprocessing = 0;
		};
/* End PBXResourcesBuildPhase section */

/* Begin PBXSourcesBuildPhase section */
		B30D908F2C109CBF00164F0D /* Sources */ = {
			isa = PBXSourcesBuildPhase;
			buildActionMask = 2147483647;
			files = (
				B30D90AE2C109E1F00164F0D /* Login.swift in Sources */,
				B30D90992C109CBF00164F0D /* ContentView.swift in Sources */,
				B30D90B02C109E3000164F0D /* Home.swift in Sources */,
				B30D90972C109CBF00164F0D /* LoginApp.swift in Sources */,
			);
			runOnlyForDeploymentPostprocessing = 0;
		};
/* End PBXSourcesBuildPhase section */

/* Begin XCBuildConfiguration section */
		B30D909F2C109CC200164F0D /* Debug */ = {
			isa = XCBuildConfiguration;
			buildSettings = {
				ALWAYS_SEARCH_USER_PATHS = NO;
				ASSETCATALOG_COMPILER_GENERATE_SWIFT_ASSET_SYMBOL_EXTENSIONS = YES;
				CLANG_ANALYZER_NONNULL = YES;
				CLANG_ANALYZER_NUMBER_OBJECT_CONVERSION = YES_AGGRESSIVE;
				CLANG_CXX_LANGUAGE_STANDARD = "gnu++20";
				CLANG_ENABLE_MODULES = YES;
				CLANG_ENABLE_OBJC_ARC = YES;
				CLANG_ENABLE_OBJC_WEAK = YES;
				CLANG_WARN_BLOCK_CAPTURE_AUTORELEASING = YES;
				CLANG_WARN_BOOL_CONVERSION = YES;
				CLANG_WARN_COMMA = YES;
				CLANG_WARN_CONSTANT_CONVERSION = YES;
				CLANG_WARN_DEPRECATED_OBJC_IMPLEMENTATIONS = YES;
				CLANG_WARN_DIRECT_OBJC_ISA_USAGE = YES_ERROR;
				CLANG_WARN_DOCUMENTATION_COMMENTS = YES;
				CLANG_WARN_EMPTY_BODY = YES;
				CLANG_WARN_ENUM_CONVERSION = YES;
				CLANG_WARN_INFINITE_RECURSION = YES;
				CLANG_WARN_INT_CONVERSION = YES;
				CLANG_WARN_NON_LITERAL_NULL_CONVERSION = YES;
				CLANG_WARN_OBJC_IMPLICIT_RETAIN_SELF = YES;
				CLANG_WARN_OBJC_LITERAL_CONVERSION = YES;
				CLANG_WARN_OBJC_ROOT_CLASS = YES_ERROR;
				CLANG_WARN_QUOTED_INCLUDE_IN_FRAMEWORK_HEADER = YES;
				CLANG_WARN_RANGE_LOOP_ANALYSIS = YES;
				CLANG_WARN_STRICT_PROTOTYPES = YES;
				CLANG_WARN_SUSPICIOUS_MOVE = YES;
				CLANG_WARN_UNGUARDED_AVAILABILITY = YES_AGGRESSIVE;
				CLANG_WARN_UNREACHABLE_CODE = YES;
				CLANG_WARN__DUPLICATE_METHOD_MATCH = YES;
				COPY_PHASE_STRIP = NO;
				DEBUG_INFORMATION_FORMAT = dwarf;
				ENABLE_STRICT_OBJC_MSGSEND = YES;
				ENABLE_TESTABILITY = YES;
				ENABLE_USER_SCRIPT_SANDBOXING = YES;
				GCC_C_LANGUAGE_STANDARD = gnu17;
				GCC_DYNAMIC_NO_PIC = NO;
				GCC_NO_COMMON_BLOCKS = YES;
				GCC_OPTIMIZATION_LEVEL = 0;
				GCC_PREPROCESSOR_DEFINITIONS = (
					"DEBUG=1",
					"$(inherited)",
				);
				GCC_WARN_64_TO_32_BIT_CONVERSION = YES;
				GCC_WARN_ABOUT_RETURN_TYPE = YES_ERROR;
				GCC_WARN_UNDECLARED_SELECTOR = YES;
				GCC_WARN_UNINITIALIZED_AUTOS = YES_AGGRESSIVE;
				GCC_WARN_UNUSED_FUNCTION = YES;
				GCC_WARN_UNUSED_VARIABLE = YES;
				IPHONEOS_DEPLOYMENT_TARGET = 17.5;
				LOCALIZATION_PREFERS_STRING_CATALOGS = YES;
				MTL_ENABLE_DEBUG_INFO = INCLUDE_SOURCE;
				MTL_FAST_MATH = YES;
				ONLY_ACTIVE_ARCH = YES;
				SDKROOT = iphoneos;
				SWIFT_ACTIVE_COMPILATION_CONDITIONS = "DEBUG $(inherited)";
				SWIFT_OPTIMIZATION_LEVEL = "-Onone";
			};
			name = Debug;
		};
		B30D90A02C109CC200164F0D /* Release */ = {
			isa = XCBuildConfiguration;
			buildSettings = {
				ALWAYS_SEARCH_USER_PATHS = NO;
				ASSETCATALOG_COMPILER_GENERATE_SWIFT_ASSET_SYMBOL_EXTENSIONS = YES;
				CLANG_ANALYZER_NONNULL = YES;
				CLANG_ANALYZER_NUMBER_OBJECT_CONVERSION = YES_AGGRESSIVE;
				CLANG_CXX_LANGUAGE_STANDARD = "gnu++20";
				CLANG_ENABLE_MODULES = YES;
				CLANG_ENABLE_OBJC_ARC = YES;
				CLANG_ENABLE_OBJC_WEAK = YES;
				CLANG_WARN_BLOCK_CAPTURE_AUTORELEASING = YES;
				CLANG_WARN_BOOL_CONVERSION = YES;
				CLANG_WARN_COMMA = YES;
				CLANG_WARN_CONSTANT_CONVERSION = YES;
				CLANG_WARN_DEPRECATED_OBJC_IMPLEMENTATIONS = YES;
				CLANG_WARN_DIRECT_OBJC_ISA_USAGE = YES_ERROR;
				CLANG_WARN_DOCUMENTATION_COMMENTS = YES;
				CLANG_WARN_EMPTY_BODY = YES;
				CLANG_WARN_ENUM_CONVERSION = YES;
				CLANG_WARN_INFINITE_RECURSION = YES;
				CLANG_WARN_INT_CONVERSION = YES;
				CLANG_WARN_NON_LITERAL_NULL_CONVERSION = YES;
				CLANG_WARN_OBJC_IMPLICIT_RETAIN_SELF = YES;
				CLANG_WARN_OBJC_LITERAL_CONVERSION = YES;
				CLANG_WARN_OBJC_ROOT_CLASS = YES_ERROR;
				CLANG_WARN_QUOTED_INCLUDE_IN_FRAMEWORK_HEADER = YES;
				CLANG_WARN_RANGE_LOOP_ANALYSIS = YES;
				CLANG_WARN_STRICT_PROTOTYPES = YES;
				CLANG_WARN_SUSPICIOUS_MOVE = YES;
				CLANG_WARN_UNGUARDED_AVAILABILITY = YES_AGGRESSIVE;
				CLANG_WARN_UNREACHABLE_CODE = YES;
				CLANG_WARN__DUPLICATE_METHOD_MATCH = YES;
				COPY_PHASE_STRIP = NO;
				DEBUG_INFORMATION_FORMAT = "dwarf-with-dsym";
				ENABLE_NS_ASSERTIONS = NO;
				ENABLE_STRICT_OBJC_MSGSEND = YES;
				ENABLE_USER_SCRIPT_SANDBOXING = YES;
				GCC_C_LANGUAGE_STANDARD = gnu17;
				GCC_NO_COMMON_BLOCKS = YES;
				GCC_WARN_64_TO_32_BIT_CONVERSION = YES;
				GCC_WARN_ABOUT_RETURN_TYPE = YES_ERROR;
				GCC_WARN_UNDECLARED_SELECTOR = YES;
				GCC_WARN_UNINITIALIZED_AUTOS = YES_AGGRESSIVE;
				GCC_WARN_UNUSED_FUNCTION = YES;
				GCC_WARN_UNUSED_VARIABLE = YES;
				IPHONEOS_DEPLOYMENT_TARGET = 17.5;
				LOCALIZATION_PREFERS_STRING_CATALOGS = YES;
				MTL_ENABLE_DEBUG_INFO = NO;
				MTL_FAST_MATH = YES;
				SDKROOT = iphoneos;
				SWIFT_COMPILATION_MODE = wholemodule;
				VALIDATE_PRODUCT = YES;
			};
			name = Release;
		};
		B30D90A22C109CC200164F0D /* Debug */ = {
			isa = XCBuildConfiguration;
			buildSettings = {
				ASSETCATALOG_COMPILER_APPICON_NAME = AppIcon;
				ASSETCATALOG_COMPILER_GLOBAL_ACCENT_COLOR_NAME = AccentColor;
				CODE_SIGN_STYLE = Automatic;
				CURRENT_PROJECT_VERSION = 1;
				DEVELOPMENT_ASSET_PATHS = "\"Login/Preview Content\"";
				DEVELOPMENT_TEAM = X5X446BKA4;
				ENABLE_PREVIEWS = YES;
				GENERATE_INFOPLIST_FILE = YES;
				INFOPLIST_KEY_UIApplicationSceneManifest_Generation = YES;
				INFOPLIST_KEY_UIApplicationSupportsIndirectInputEvents = YES;
				INFOPLIST_KEY_UILaunchScreen_Generation = YES;
				INFOPLIST_KEY_UISupportedInterfaceOrientations_iPad = "UIInterfaceOrientationPortrait UIInterfaceOrientationPortraitUpsideDown UIInterfaceOrientationLandscapeLeft UIInterfaceOrientationLandscapeRight";
				INFOPLIST_KEY_UISupportedInterfaceOrientations_iPhone = "UIInterfaceOrientationPortrait UIInterfaceOrientationLandscapeLeft UIInterfaceOrientationLandscapeRight";
				LD_RUNPATH_SEARCH_PATHS = (
					"$(inherited)",
					"@executable_path/Frameworks",
				);
				MARKETING_VERSION = 1.0;
				PRODUCT_BUNDLE_IDENTIFIER = com.xmarano.Login;
				PRODUCT_NAME = "$(TARGET_NAME)";
				SWIFT_EMIT_LOC_STRINGS = YES;
				SWIFT_VERSION = 5.0;
				TARGETED_DEVICE_FAMILY = "1,2";
			};
			name = Debug;
		};
		B30D90A32C109CC200164F0D /* Release */ = {
			isa = XCBuildConfiguration;
			buildSettings = {
				ASSETCATALOG_COMPILER_APPICON_NAME = AppIcon;
				ASSETCATALOG_COMPILER_GLOBAL_ACCENT_COLOR_NAME = AccentColor;
				CODE_SIGN_STYLE = Automatic;
				CURRENT_PROJECT_VERSION = 1;
				DEVELOPMENT_ASSET_PATHS = "\"Login/Preview Content\"";
				DEVELOPMENT_TEAM = X5X446BKA4;
				ENABLE_PREVIEWS = YES;
				GENERATE_INFOPLIST_FILE = YES;
				INFOPLIST_KEY_UIApplicationSceneManifest_Generation = YES;
				INFOPLIST_KEY_UIApplicationSupportsIndirectInputEvents = YES;
				INFOPLIST_KEY_UILaunchScreen_Generation = YES;
				INFOPLIST_KEY_UISupportedInterfaceOrientations_iPad = "UIInterfaceOrientationPortrait UIInterfaceOrientationPortraitUpsideDown UIInterfaceOrientationLandscapeLeft UIInterfaceOrientationLandscapeRight";
				INFOPLIST_KEY_UISupportedInterfaceOrientations_iPhone = "UIInterfaceOrientationPortrait UIInterfaceOrientationLandscapeLeft UIInterfaceOrientationLandscapeRight";
				LD_RUNPATH_SEARCH_PATHS = (
					"$(inherited)",
					"@executable_path/Frameworks",
				);
				MARKETING_VERSION = 1.0;
				PRODUCT_BUNDLE_IDENTIFIER = com.xmarano.Login;
				PRODUCT_NAME = "$(TARGET_NAME)";
				SWIFT_EMIT_LOC_STRINGS = YES;
				SWIFT_VERSION = 5.0;
				TARGETED_DEVICE_FAMILY = "1,2";
			};
			name = Release;
		};
/* End XCBuildConfiguration section */

/* Begin XCConfigurationList section */
		B30D908E2C109CBF00164F0D /* Build configuration list for PBXProject "Login" */ = {
			isa = XCConfigurationList;
			buildConfigurations = (
				B30D909F2C109CC200164F0D /* Debug */,
				B30D90A02C109CC200164F0D /* Release */,
			);
			defaultConfigurationIsVisible = 0;
			defaultConfigurationName = Release;
		};
		B30D90A12C109CC200164F0D /* Build configuration list for PBXNativeTarget "Login" */ = {
			isa = XCConfigurationList;
			buildConfigurations = (
				B30D90A22C109CC200164F0D /* Debug */,
				B30D90A32C109CC200164F0D /* Release */,
			);
			defaultConfigurationIsVisible = 0;
			defaultConfigurationName = Release;
		};
/* End XCConfigurationList section */

/* Begin XCRemoteSwiftPackageReference section */
		B30D90A42C109CE100164F0D /* XCRemoteSwiftPackageReference "lottie-ios" */ = {
			isa = XCRemoteSwiftPackageReference;
			repositoryURL = "https://github.com/airbnb/lottie-ios.git";
			requirement = {
				kind = upToNextMajorVersion;
				minimumVersion = 4.4.3;
			};
		};
		B30D90A72C109D0F00164F0D /* XCRemoteSwiftPackageReference "firebase-ios-sdk" */ = {
			isa = XCRemoteSwiftPackageReference;
			repositoryURL = "https://github.com/firebase/firebase-ios-sdk";
			requirement = {
				kind = upToNextMajorVersion;
				minimumVersion = 10.27.0;
			};
		};
/* End XCRemoteSwiftPackageReference section */

/* Begin XCSwiftPackageProductDependency section */
		B30D90A52C109CE100164F0D /* Lottie */ = {
			isa = XCSwiftPackageProductDependency;
			package = B30D90A42C109CE100164F0D /* XCRemoteSwiftPackageReference "lottie-ios" */;
			productName = Lottie;
		};
		B30D90A82C109D0F00164F0D /* FirebaseAuth */ = {
			isa = XCSwiftPackageProductDependency;
			package = B30D90A72C109D0F00164F0D /* XCRemoteSwiftPackageReference "firebase-ios-sdk" */;
			productName = FirebaseAuth;
		};
/* End XCSwiftPackageProductDependency section */
	};
	rootObject = B30D908B2C109CBF00164F0D /* Project object */;
}
